// !$*UTF8*$!
{
	archiveVersion = 1;
	classes = {
	};
	objectVersion = 46;
	objects = {

/* Begin PBXBuildFile section */
		6378BC3D1D79840500DCE205 /* Charles.cpp in Sources */ = {isa = PBXBuildFile; fileRef = 6378BC3C1D79840500DCE205 /* Charles.cpp */; };
		6378BC451D79841000DCE205 /* Makefile in Sources */ = {isa = PBXBuildFile; fileRef = 6378BC421D79841000DCE205 /* Makefile */; };
		6378BC461D79841000DCE205 /* README.md in Sources */ = {isa = PBXBuildFile; fileRef = 6378BC431D79841000DCE205 /* README.md */; };
		6378BC541D798A4F00DCE205 /* cli_control.cpp in Sources */ = {isa = PBXBuildFile; fileRef = 6378BC521D798A4F00DCE205 /* cli_control.cpp */; };
		6378BC551D798A4F00DCE205 /* Robot.cpp in Sources */ = {isa = PBXBuildFile; fileRef = 6378BC531D798A4F00DCE205 /* Robot.cpp */; };
/* End PBXBuildFile section */

/* Begin PBXCopyFilesBuildPhase section */
		6378BC301D7983F600DCE205 /* CopyFiles */ = {
			isa = PBXCopyFilesBuildPhase;
			buildActionMask = 2147483647;
			dstPath = /usr/share/man/man1/;
			dstSubfolderSpec = 0;
			files = (
			);
			runOnlyForDeploymentPostprocessing = 1;
		};
/* End PBXCopyFilesBuildPhase section */

/* Begin PBXFileReference section */
		6378BC321D7983F600DCE205 /* charles++ */ = {isa = PBXFileReference; explicitFileType = "compiled.mach-o.executable"; includeInIndex = 0; path = "charles++"; sourceTree = BUILT_PRODUCTS_DIR; };
		6378BC3C1D79840500DCE205 /* Charles.cpp */ = {isa = PBXFileReference; fileEncoding = 4; lastKnownFileType = sourcecode.cpp.cpp; name = Charles.cpp; path = ../../Charles.cpp; sourceTree = "<group>"; };
		6378BC3E1D79841000DCE205 /* Charles++.cbp */ = {isa = PBXFileReference; fileEncoding = 4; lastKnownFileType = text.xml; name = "Charles++.cbp"; path = "../../Charles++.cbp"; sourceTree = "<group>"; };
		6378BC3F1D79841000DCE205 /* Charles++.depend */ = {isa = PBXFileReference; fileEncoding = 4; lastKnownFileType = text; name = "Charles++.depend"; path = "../../Charles++.depend"; sourceTree = "<group>"; };
		6378BC411D79841000DCE205 /* LICENCE */ = {isa = PBXFileReference; fileEncoding = 4; lastKnownFileType = text; name = LICENCE; path = ../../LICENCE; sourceTree = "<group>"; };
		6378BC421D79841000DCE205 /* Makefile */ = {isa = PBXFileReference; fileEncoding = 4; lastKnownFileType = sourcecode.make; name = Makefile; path = ../../Makefile; sourceTree = "<group>"; };
		6378BC431D79841000DCE205 /* README.md */ = {isa = PBXFileReference; fileEncoding = 4; lastKnownFileType = net.daringfireball.markdown; name = README.md; path = ../../README.md; sourceTree = "<group>"; };
		6378BC501D798A3D00DCE205 /* cli_control.h */ = {isa = PBXFileReference; lastKnownFileType = sourcecode.c.h; path = cli_control.h; sourceTree = "<group>"; };
		6378BC511D798A3D00DCE205 /* Robot.h */ = {isa = PBXFileReference; lastKnownFileType = sourcecode.c.h; path = Robot.h; sourceTree = "<group>"; };
		6378BC521D798A4F00DCE205 /* cli_control.cpp */ = {isa = PBXFileReference; fileEncoding = 4; lastKnownFileType = sourcecode.cpp.cpp; path = cli_control.cpp; sourceTree = "<group>"; };
		6378BC531D798A4F00DCE205 /* Robot.cpp */ = {isa = PBXFileReference; fileEncoding = 4; lastKnownFileType = sourcecode.cpp.cpp; path = Robot.cpp; sourceTree = "<group>"; };
/* End PBXFileReference section */

/* Begin PBXFrameworksBuildPhase section */
		6378BC2F1D7983F600DCE205 /* Frameworks */ = {
			isa = PBXFrameworksBuildPhase;
			buildActionMask = 2147483647;
			files = (
			);
			runOnlyForDeploymentPostprocessing = 0;
		};
/* End PBXFrameworksBuildPhase section */

/* Begin PBXGroup section */
		6378BC291D7983F600DCE205 = {
			isa = PBXGroup;
			children = (
				6378BC341D7983F600DCE205 /* charles++ */,
				6378BC331D7983F600DCE205 /* Products */,
			);
			sourceTree = "<group>";
		};
		6378BC331D7983F600DCE205 /* Products */ = {
			isa = PBXGroup;
			children = (
				6378BC321D7983F600DCE205 /* charles++ */,
			);
			name = Products;
			sourceTree = "<group>";
		};
		6378BC341D7983F600DCE205 /* charles++ */ = {
			isa = PBXGroup;
			children = (
				6378BC561D798A8700DCE205 /* include */,
				6378BC581D798AA700DCE205 /* src */,
				6378BC3E1D79841000DCE205 /* Charles++.cbp */,
				6378BC3F1D79841000DCE205 /* Charles++.depend */,
				6378BC411D79841000DCE205 /* LICENCE */,
				6378BC421D79841000DCE205 /* Makefile */,
				6378BC431D79841000DCE205 /* README.md */,
				6378BC3C1D79840500DCE205 /* Charles.cpp */,
			);
			path = "charles++";
			sourceTree = "<group>";
		};
		6378BC561D798A8700DCE205 /* include */ = {
			isa = PBXGroup;
			children = (
				6378BC501D798A3D00DCE205 /* cli_control.h */,
				6378BC511D798A3D00DCE205 /* Robot.h */,
			);
			name = include;
			sourceTree = "<group>";
		};
		6378BC581D798AA700DCE205 /* src */ = {
			isa = PBXGroup;
			children = (
				6378BC521D798A4F00DCE205 /* cli_control.cpp */,
				6378BC531D798A4F00DCE205 /* Robot.cpp */,
			);
			name = src;
			sourceTree = "<group>";
		};
/* End PBXGroup section */

/* Begin PBXNativeTarget section */
		6378BC311D7983F600DCE205 /* charles++ */ = {
			isa = PBXNativeTarget;
			buildConfigurationList = 6378BC391D7983F600DCE205 /* Build configuration list for PBXNativeTarget "charles++" */;
			buildPhases = (
				6378BC2E1D7983F600DCE205 /* Sources */,
				6378BC2F1D7983F600DCE205 /* Frameworks */,
				6378BC301D7983F600DCE205 /* CopyFiles */,
			);
			buildRules = (
			);
			dependencies = (
			);
			name = "charles++";
			productName = "charles++";
			productReference = 6378BC321D7983F600DCE205 /* charles++ */;
			productType = "com.apple.product-type.tool";
		};
/* End PBXNativeTarget section */

/* Begin PBXProject section */
		6378BC2A1D7983F600DCE205 /* Project object */ = {
			isa = PBXProject;
			attributes = {
				LastUpgradeCheck = 0730;
				ORGANIZATIONNAME = "IC-Tea";
				TargetAttributes = {
					6378BC311D7983F600DCE205 = {
						CreatedOnToolsVersion = 7.3.1;
					};
				};
			};
			buildConfigurationList = 6378BC2D1D7983F600DCE205 /* Build configuration list for PBXProject "charles++" */;
			compatibilityVersion = "Xcode 3.2";
			developmentRegion = English;
			hasScannedForEncodings = 0;
			knownRegions = (
				en,
			);
			mainGroup = 6378BC291D7983F600DCE205;
			productRefGroup = 6378BC331D7983F600DCE205 /* Products */;
			projectDirPath = "";
			projectRoot = "";
			targets = (
				6378BC311D7983F600DCE205 /* charles++ */,
			);
		};
/* End PBXProject section */

/* Begin PBXSourcesBuildPhase section */
		6378BC2E1D7983F600DCE205 /* Sources */ = {
			isa = PBXSourcesBuildPhase;
			buildActionMask = 2147483647;
			files = (
				6378BC551D798A4F00DCE205 /* Robot.cpp in Sources */,
				6378BC541D798A4F00DCE205 /* cli_control.cpp in Sources */,
				6378BC461D79841000DCE205 /* README.md in Sources */,
				6378BC451D79841000DCE205 /* Makefile in Sources */,
				6378BC3D1D79840500DCE205 /* Charles.cpp in Sources */,
			);
			runOnlyForDeploymentPostprocessing = 0;
		};
/* End PBXSourcesBuildPhase section */

/* Begin XCBuildConfiguration section */
		6378BC371D7983F600DCE205 /* Debug */ = {
			isa = XCBuildConfiguration;
			buildSettings = {
				ALWAYS_SEARCH_USER_PATHS = YES;
				CLANG_ANALYZER_NONNULL = YES;
				CLANG_CXX_LANGUAGE_STANDARD = "gnu++0x";
				CLANG_CXX_LIBRARY = "libc++";
				CLANG_ENABLE_MODULES = YES;
				CLANG_ENABLE_OBJC_ARC = YES;
				CLANG_WARN_BOOL_CONVERSION = YES;
				CLANG_WARN_CONSTANT_CONVERSION = YES;
				CLANG_WARN_DIRECT_OBJC_ISA_USAGE = YES_ERROR;
				CLANG_WARN_EMPTY_BODY = YES;
				CLANG_WARN_ENUM_CONVERSION = YES;
				CLANG_WARN_INT_CONVERSION = YES;
				CLANG_WARN_OBJC_ROOT_CLASS = YES_ERROR;
				CLANG_WARN_UNREACHABLE_CODE = YES;
				CLANG_WARN__DUPLICATE_METHOD_MATCH = YES;
				CODE_SIGN_IDENTITY = "-";
				COPY_PHASE_STRIP = NO;
				DEBUG_INFORMATION_FORMAT = dwarf;
				ENABLE_STRICT_OBJC_MSGSEND = YES;
				ENABLE_TESTABILITY = YES;
				GCC_C_LANGUAGE_STANDARD = gnu99;
				GCC_DYNAMIC_NO_PIC = NO;
				GCC_NO_COMMON_BLOCKS = YES;
				GCC_OPTIMIZATION_LEVEL = 0;
				GCC_PREPROCESSOR_DEFINITIONS = (
					"DEBUG=1",
					"$(inherited)",
				);
				GCC_WARN_64_TO_32_BIT_CONVERSION = YES;
				GCC_WARN_ABOUT_RETURN_TYPE = YES_ERROR;
				GCC_WARN_UNDECLARED_SELECTOR = YES;
				GCC_WARN_UNINITIALIZED_AUTOS = YES_AGGRESSIVE;
				GCC_WARN_UNUSED_FUNCTION = YES;
				GCC_WARN_UNUSED_VARIABLE = YES;
				HEADER_SEARCH_PATHS = "";
				INCLUDED_RECURSIVE_SEARCH_PATH_SUBDIRECTORIES = "";
				LIBRARY_SEARCH_PATHS = "";
				MACOSX_DEPLOYMENT_TARGET = 10.11;
				MTL_ENABLE_DEBUG_INFO = YES;
				ONLY_ACTIVE_ARCH = YES;
				OTHER_CFLAGS = "";
				SDKROOT = macosx;
			};
			name = Debug;
		};
		6378BC381D7983F600DCE205 /* Release */ = {
			isa = XCBuildConfiguration;
			buildSettings = {
				ALWAYS_SEARCH_USER_PATHS = YES;
				CLANG_ANALYZER_NONNULL = YES;
				CLANG_CXX_LANGUAGE_STANDARD = "gnu++0x";
				CLANG_CXX_LIBRARY = "libc++";
				CLANG_ENABLE_MODULES = YES;
				CLANG_ENABLE_OBJC_ARC = YES;
				CLANG_WARN_BOOL_CONVERSION = YES;
				CLANG_WARN_CONSTANT_CONVERSION = YES;
				CLANG_WARN_DIRECT_OBJC_ISA_USAGE = YES_ERROR;
				CLANG_WARN_EMPTY_BODY = YES;
				CLANG_WARN_ENUM_CONVERSION = YES;
				CLANG_WARN_INT_CONVERSION = YES;
				CLANG_WARN_OBJC_ROOT_CLASS = YES_ERROR;
				CLANG_WARN_UNREACHABLE_CODE = YES;
				CLANG_WARN__DUPLICATE_METHOD_MATCH = YES;
				CODE_SIGN_IDENTITY = "-";
				COPY_PHASE_STRIP = NO;
				DEBUG_INFORMATION_FORMAT = "dwarf-with-dsym";
				ENABLE_NS_ASSERTIONS = NO;
				ENABLE_STRICT_OBJC_MSGSEND = YES;
				GCC_C_LANGUAGE_STANDARD = gnu99;
				GCC_NO_COMMON_BLOCKS = YES;
				GCC_WARN_64_TO_32_BIT_CONVERSION = YES;
				GCC_WARN_ABOUT_RETURN_TYPE = YES_ERROR;
				GCC_WARN_UNDECLARED_SELECTOR = YES;
				GCC_WARN_UNINITIALIZED_AUTOS = YES_AGGRESSIVE;
				GCC_WARN_UNUSED_FUNCTION = YES;
				GCC_WARN_UNUSED_VARIABLE = YES;
				HEADER_SEARCH_PATHS = "";
				INCLUDED_RECURSIVE_SEARCH_PATH_SUBDIRECTORIES = "";
				LIBRARY_SEARCH_PATHS = "";
				MACOSX_DEPLOYMENT_TARGET = 10.11;
				MTL_ENABLE_DEBUG_INFO = NO;
				OTHER_CFLAGS = "";
				SDKROOT = macosx;
			};
			name = Release;
		};
		6378BC3A1D7983F600DCE205 /* Debug */ = {
			isa = XCBuildConfiguration;
			buildSettings = {
				PRODUCT_NAME = "$(TARGET_NAME)";
			};
			name = Debug;
		};
		6378BC3B1D7983F600DCE205 /* Release */ = {
			isa = XCBuildConfiguration;
			buildSettings = {
				PRODUCT_NAME = "$(TARGET_NAME)";
			};
			name = Release;
		};
/* End XCBuildConfiguration section */

/* Begin XCConfigurationList section */
		6378BC2D1D7983F600DCE205 /* Build configuration list for PBXProject "charles++" */ = {
			isa = XCConfigurationList;
			buildConfigurations = (
				6378BC371D7983F600DCE205 /* Debug */,
				6378BC381D7983F600DCE205 /* Release */,
			);
			defaultConfigurationIsVisible = 0;
			defaultConfigurationName = Release;
		};
		6378BC391D7983F600DCE205 /* Build configuration list for PBXNativeTarget "charles++" */ = {
			isa = XCConfigurationList;
			buildConfigurations = (
				6378BC3A1D7983F600DCE205 /* Debug */,
				6378BC3B1D7983F600DCE205 /* Release */,
			);
			defaultConfigurationIsVisible = 0;
		};
/* End XCConfigurationList section */
	};
	rootObject = 6378BC2A1D7983F600DCE205 /* Project object */;
}
